{
  "version": 4,
  "terraform_version": "1.15.6",
  "serial": 49,
  "lineage": "17758e68-2084-e0ca-41c5-0b35ce315869",
  "outputs": {},
  "resources": [
    {
      "mode": "managed",
      "type": "vra_cloud_account_nsxt",
      "name": "nsxt",
      "provider": "provider[\"registry.terraform.io/vmware/vra\"]",
      "instances": [
        {
          "schema_version": 0,
          "attributes": {
            "accept_self_signed_cert": true,
            "associated_cloud_account_ids": [
              "35fe31be-6e71-4b37-9b79-9bd189cd970c"
            ],
            "created_at": "2026-06-16",
            "dc_id": "",
            "description": "NSX-T Cloud Account managed by Terraform",
            "hostname": "work01-nsx.gooddi.lab",
            "id": "56a1da31-5b37-446c-ae24-3f1a8d0bbfb5",
            "links": [
              {
                "href": "",
                "hrefs": [
                  "/iaas/api/cloud-accounts/35fe31be-6e71-4b37-9b79-9bd189cd970c"
                ],
                "rel": "associated-cloud-accounts"
              },
              {
                "href": "/iaas/api/cloud-accounts/56a1da31-5b37-446c-ae24-3f1a8d0bbfb5",
                "hrefs": [],
                "rel": "self"
              }
            ],
            "manager_mode": false,
            "name": "work01-nsx.gooddi.lab",
            "org_id": "2722874a-6ca3-4a92-b115-0b9cd804cdd1",
            "owner": "",
            "password": "Goodmit0802!",
            "tags": [],
            "updated_at": "2026-06-16",
            "username": "admin"
          },
          "sensitive_attributes": [
            [
              {
                "type": "get_attr",
                "value": "password"
              }
            ]
          ],
          "identity_schema_version": 0,
          "private": "bnVsbA=="
        }
      ]
    },
    {
      "mode": "managed",
      "type": "vra_cloud_account_vsphere",
      "name": "vsphere",
      "provider": "provider[\"registry.terraform.io/vmware/vra\"]",
      "instances": [
        {
          "schema_version": 0,
          "attributes": {
            "accept_self_signed_cert": true,
            "associated_cloud_account_ids": [
              "56a1da31-5b37-446c-ae24-3f1a8d0bbfb5"
            ],
            "created_at": "2026-06-16",
            "dc_id": "",
            "description": "vSphere Cloud Account managed by Terraform",
            "enabled_regions": [
              {
                "external_region_id": "Datacenter:datacenter-3",
                "id": "febcfaf9-cb74-4fea-9012-92eb90c8c51e",
                "name": "gooddi-work01-domain-DC"
              }
            ],
            "hostname": "work01-vcsa01.gooddi.lab",
            "id": "35fe31be-6e71-4b37-9b79-9bd189cd970c",
            "links": [
              {
                "href": "",
                "hrefs": [
                  "/iaas/api/cloud-accounts/56a1da31-5b37-446c-ae24-3f1a8d0bbfb5"
                ],
                "rel": "associated-cloud-accounts"
              },
              {
                "href": "",
                "hrefs": [
                  "/iaas/api/regions/febcfaf9-cb74-4fea-9012-92eb90c8c51e"
                ],
                "rel": "regions"
              },
              {
                "href": "/iaas/api/cloud-accounts/35fe31be-6e71-4b37-9b79-9bd189cd970c",
                "hrefs": [],
                "rel": "self"
              }
            ],
            "name": "work01-vcsa01.gooddi.lab",
            "org_id": "2722874a-6ca3-4a92-b115-0b9cd804cdd1",
            "owner": "",
            "password": "Goodmit0802!",
            "regions": [
              "Datacenter:datacenter-3"
            ],
            "tags": [],
            "updated_at": "2026-06-16",
            "username": "administrator@vsphere.local"
          },
          "sensitive_attributes": [
            [
              {
                "type": "get_attr",
                "value": "password"
              }
            ]
          ],
          "identity_schema_version": 0,
          "private": "bnVsbA==",
          "dependencies": [
            "vra_cloud_account_nsxt.nsxt"
          ]
        }
      ]
    }
  ],
  "check_results": null
}
